# This file is generated by running "yarn install" inside your project.
# Manual changes might be lost - proceed with caution!

__metadata:
  version: 6
  cacheKey: 8

"adm-zip@npm:^0.5.1":
  version: 0.5.1
  resolution: "adm-zip@npm:0.5.1"
  checksum: 11fedba858415e3827bf1169dc4ca415bb35a985125d865a29497ebd2621aef2de6a6df9dff7afb3080229e586f07209b8cc9672e0769bf6005edf24620ce154
  languageName: node
  linkType: hard

"argparse@npm:^1.0.7":
  version: 1.0.10
  resolution: "argparse@npm:1.0.10"
  dependencies:
    sprintf-js: ~1.0.2
  checksum: 7ca6e45583a28de7258e39e13d81e925cfa25d7d4aacbf806a382d3c02fcb13403a07fb8aeef949f10a7cfe4a62da0e2e807b348a5980554cc28ee573ef95945
  languageName: node
  linkType: hard

"esprima@npm:^4.0.0":
  version: 4.0.1
  resolution: "esprima@npm:4.0.1"
  bin:
    esparse: ./bin/esparse.js
    esvalidate: ./bin/esvalidate.js
  checksum: b45bc805a613dbea2835278c306b91aff6173c8d034223fa81498c77dcbce3b2931bf6006db816f62eacd9fd4ea975dfd85a5b7f3c6402cfd050d4ca3c13a628
  languageName: node
  linkType: hard

"extend-shallow@npm:^2.0.1":
  version: 2.0.1
  resolution: "extend-shallow@npm:2.0.1"
  dependencies:
    is-extendable: ^0.1.0
  checksum: 8fb58d9d7a511f4baf78d383e637bd7d2e80843bd9cd0853649108ea835208fb614da502a553acc30208e1325240bb7cc4a68473021612496bb89725483656d8
  languageName: node
  linkType: hard

"is-extendable@npm:^0.1.0":
  version: 0.1.1
  resolution: "is-extendable@npm:0.1.1"
  checksum: 3875571d20a7563772ecc7a5f36cb03167e9be31ad259041b4a8f73f33f885441f778cee1f1fe0085eb4bc71679b9d8c923690003a36a6a5fdf8023e6e3f0672
  languageName: node
  linkType: hard

"js-yaml@npm:^3.8.2":
  version: 3.14.0
  resolution: "js-yaml@npm:3.14.0"
  dependencies:
    argparse: ^1.0.7
    esprima: ^4.0.0
  bin:
    js-yaml: bin/js-yaml.js
  checksum: a1a47c912ba20956f96cb0998dea2e74c7f7129d831fe33d3c5a16f3f83712ce405172a8dd1c26bf2b3ad74b54016d432ff727928670ae5a50a57a677c387949
  languageName: node
  linkType: hard

"read-yaml@npm:^1.1.0":
  version: 1.1.0
  resolution: "read-yaml@npm:1.1.0"
  dependencies:
    extend-shallow: ^2.0.1
    js-yaml: ^3.8.2
  checksum: f6feba909ba2bb79a1b70bb12f655faef5a9ce96f4e3bd9a82681213a81a1f1f04e7fa9c15815fe73129ff37d73ffec4007a1422d50fb10a69e8bafc9c521a9f
  languageName: node
  linkType: hard

"root-workspace-0b6124@workspace:.":
  version: 0.0.0-use.local
  resolution: "root-workspace-0b6124@workspace:."
  dependencies:
    adm-zip: ^0.5.1
    read-yaml: ^1.1.0
  languageName: unknown
  linkType: soft

"sprintf-js@npm:~1.0.2":
  version: 1.0.3
  resolution: "sprintf-js@npm:1.0.3"
  checksum: 19d79aec211f09b99ec3099b5b2ae2f6e9cdefe50bc91ac4c69144b6d3928a640bb6ae5b3def70c2e85a2c3d9f5ec2719921e3a59d3ca3ef4b2fd1a4656a0df3
  languageName: node
  linkType: hard
